// !$*UTF8*$!
{
	archiveVersion = 1;
	classes = {
	};
	objectVersion = 46;
	objects = {

/* Begin PBXBuildFile section */
		8C0362B71E1587A5003E3FBC /* PostController.swift in Sources */ = {isa = PBXBuildFile; fileRef = 8C0362B61E1587A5003E3FBC /* PostController.swift */; };
		8C079DAE1E0E055300883ABF /* AppDelegate.swift in Sources */ = {isa = PBXBuildFile; fileRef = 8C079DAD1E0E055300883ABF /* AppDelegate.swift */; };
		8C079DB31E0E055400883ABF /* Main.storyboard in Resources */ = {isa = PBXBuildFile; fileRef = 8C079DB11E0E055400883ABF /* Main.storyboard */; };
		8C079DB51E0E055400883ABF /* Assets.xcassets in Resources */ = {isa = PBXBuildFile; fileRef = 8C079DB41E0E055400883ABF /* Assets.xcassets */; };
		8C079DB81E0E055400883ABF /* LaunchScreen.storyboard in Resources */ = {isa = PBXBuildFile; fileRef = 8C079DB61E0E055400883ABF /* LaunchScreen.storyboard */; };
		8C079DC01E0E05B000883ABF /* PostListTableViewController.swift in Sources */ = {isa = PBXBuildFile; fileRef = 8C079DBF1E0E05B000883ABF /* PostListTableViewController.swift */; };
		8C079DC21E0E062600883ABF /* PostDetailTableViewController.swift in Sources */ = {isa = PBXBuildFile; fileRef = 8C079DC11E0E062600883ABF /* PostDetailTableViewController.swift */; };
		8C079DC41E0E068D00883ABF /* AddPostTableViewController.swift in Sources */ = {isa = PBXBuildFile; fileRef = 8C079DC31E0E068D00883ABF /* AddPostTableViewController.swift */; };
		8C079DC61E0E06D800883ABF /* SearchResultsTableViewController.swift in Sources */ = {isa = PBXBuildFile; fileRef = 8C079DC51E0E06D800883ABF /* SearchResultsTableViewController.swift */; };
		8C079DC81E0E204E00883ABF /* Post.swift in Sources */ = {isa = PBXBuildFile; fileRef = 8C079DC71E0E204E00883ABF /* Post.swift */; };
		8C079DCA1E0E207900883ABF /* Comment.swift in Sources */ = {isa = PBXBuildFile; fileRef = 8C079DC91E0E207900883ABF /* Comment.swift */; };
		8C079DD11E0E25E400883ABF /* PostTableViewCell.swift in Sources */ = {isa = PBXBuildFile; fileRef = 8C079DD01E0E25E400883ABF /* PostTableViewCell.swift */; };
		8C87F1231E12E26A0035448C /* CloudKit.framework in Frameworks */ = {isa = PBXBuildFile; fileRef = 8C87F1221E12E26A0035448C /* CloudKit.framework */; };
		8C98C9871E0EFFD80009D46C /* SearchableRecord.swift in Sources */ = {isa = PBXBuildFile; fileRef = 8C98C9861E0EFFD80009D46C /* SearchableRecord.swift */; };
		8C98C98A1E0F60DA0009D46C /* PhotoSelectViewController.swift in Sources */ = {isa = PBXBuildFile; fileRef = 8C98C9891E0F60DA0009D46C /* PhotoSelectViewController.swift */; };
		8C98C98E1E0FA59A0009D46C /* CloudKitManager.swift in Sources */ = {isa = PBXBuildFile; fileRef = 8C98C98D1E0FA59A0009D46C /* CloudKitManager.swift */; };
		8C98C9911E105AFD0009D46C /* CloudKitSyncable.swift in Sources */ = {isa = PBXBuildFile; fileRef = 8C98C9901E105AFD0009D46C /* CloudKitSyncable.swift */; };
/* End PBXBuildFile section */

/* Begin PBXFileReference section */
		8C0362B61E1587A5003E3FBC /* PostController.swift */ = {isa = PBXFileReference; fileEncoding = 4; lastKnownFileType = sourcecode.swift; path = PostController.swift; sourceTree = "<group>"; };
		8C079DAA1E0E055300883ABF /* Timeline.app */ = {isa = PBXFileReference; explicitFileType = wrapper.application; includeInIndex = 0; path = Timeline.app; sourceTree = BUILT_PRODUCTS_DIR; };
		8C079DAD1E0E055300883ABF /* AppDelegate.swift */ = {isa = PBXFileReference; lastKnownFileType = sourcecode.swift; path = AppDelegate.swift; sourceTree = "<group>"; };
		8C079DB21E0E055400883ABF /* Base */ = {isa = PBXFileReference; lastKnownFileType = file.storyboard; name = Base; path = Base.lproj/Main.storyboard; sourceTree = "<group>"; };
		8C079DB41E0E055400883ABF /* Assets.xcassets */ = {isa = PBXFileReference; lastKnownFileType = folder.assetcatalog; path = Assets.xcassets; sourceTree = "<group>"; };
		8C079DB71E0E055400883ABF /* Base */ = {isa = PBXFileReference; lastKnownFileType = file.storyboard; name = Base; path = Base.lproj/LaunchScreen.storyboard; sourceTree = "<group>"; };
		8C079DB91E0E055400883ABF /* Info.plist */ = {isa = PBXFileReference; lastKnownFileType = text.plist.xml; path = Info.plist; sourceTree = "<group>"; };
		8C079DBF1E0E05B000883ABF /* PostListTableViewController.swift */ = {isa = PBXFileReference; fileEncoding = 4; lastKnownFileType = sourcecode.swift; path = PostListTableViewController.swift; sourceTree = "<group>"; };
		8C079DC11E0E062600883ABF /* PostDetailTableViewController.swift */ = {isa = PBXFileReference; fileEncoding = 4; lastKnownFileType = sourcecode.swift; path = PostDetailTableViewController.swift; sourceTree = "<group>"; };
		8C079DC31E0E068D00883ABF /* AddPostTableViewController.swift */ = {isa = PBXFileReference; fileEncoding = 4; lastKnownFileType = sourcecode.swift; path = AddPostTableViewController.swift; sourceTree = "<group>"; };
		8C079DC51E0E06D800883ABF /* SearchResultsTableViewController.swift */ = {isa = PBXFileReference; fileEncoding = 4; lastKnownFileType = sourcecode.swift; path = SearchResultsTableViewController.swift; sourceTree = "<group>"; };
		8C079DC71E0E204E00883ABF /* Post.swift */ = {isa = PBXFileReference; fileEncoding = 4; lastKnownFileType = sourcecode.swift; path = Post.swift; sourceTree = "<group>"; };
		8C079DC91E0E207900883ABF /* Comment.swift */ = {isa = PBXFileReference; fileEncoding = 4; lastKnownFileType = sourcecode.swift; path = Comment.swift; sourceTree = "<group>"; };
		8C079DD01E0E25E400883ABF /* PostTableViewCell.swift */ = {isa = PBXFileReference; fileEncoding = 4; lastKnownFileType = sourcecode.swift; path = PostTableViewCell.swift; sourceTree = "<group>"; };
		8C87F1221E12E26A0035448C /* CloudKit.framework */ = {isa = PBXFileReference; lastKnownFileType = wrapper.framework; name = CloudKit.framework; path = System/Library/Frameworks/CloudKit.framework; sourceTree = SDKROOT; };
		8C98C9861E0EFFD80009D46C /* SearchableRecord.swift */ = {isa = PBXFileReference; fileEncoding = 4; lastKnownFileType = sourcecode.swift; path = SearchableRecord.swift; sourceTree = "<group>"; };
		8C98C9891E0F60DA0009D46C /* PhotoSelectViewController.swift */ = {isa = PBXFileReference; fileEncoding = 4; lastKnownFileType = sourcecode.swift; path = PhotoSelectViewController.swift; sourceTree = "<group>"; };
		8C98C98D1E0FA59A0009D46C /* CloudKitManager.swift */ = {isa = PBXFileReference; fileEncoding = 4; lastKnownFileType = sourcecode.swift; path = CloudKitManager.swift; sourceTree = "<group>"; };
		8C98C9901E105AFD0009D46C /* CloudKitSyncable.swift */ = {isa = PBXFileReference; fileEncoding = 4; lastKnownFileType = sourcecode.swift; path = CloudKitSyncable.swift; sourceTree = "<group>"; };
		8CFB1CEB1E12E06300C8732A /* Timeline.entitlements */ = {isa = PBXFileReference; lastKnownFileType = text.plist.entitlements; path = Timeline.entitlements; sourceTree = "<group>"; };
/* End PBXFileReference section */

/* Begin PBXFrameworksBuildPhase section */
		8C079DA71E0E055300883ABF /* Frameworks */ = {
			isa = PBXFrameworksBuildPhase;
			buildActionMask = 2147483647;
			files = (
				8C87F1231E12E26A0035448C /* CloudKit.framework in Frameworks */,
			);
			runOnlyForDeploymentPostprocessing = 0;
		};
/* End PBXFrameworksBuildPhase section */

/* Begin PBXGroup section */
		8C079DA11E0E055300883ABF = {
			isa = PBXGroup;
			children = (
				8C079DAC1E0E055300883ABF /* Timeline */,
				8C079DAB1E0E055300883ABF /* Products */,
				8C87F1211E12E26A0035448C /* Frameworks */,
			);
			sourceTree = "<group>";
		};
		8C079DAB1E0E055300883ABF /* Products */ = {
			isa = PBXGroup;
			children = (
				8C079DAA1E0E055300883ABF /* Timeline.app */,
			);
			name = Products;
			sourceTree = "<group>";
		};
		8C079DAC1E0E055300883ABF /* Timeline */ = {
			isa = PBXGroup;
			children = (
				8CFB1CEB1E12E06300C8732A /* Timeline.entitlements */,
				8C079DAD1E0E055300883ABF /* AppDelegate.swift */,
				8C079DB11E0E055400883ABF /* Main.storyboard */,
				8C98C9881E0EFFDD0009D46C /* Protocols */,
				8C079DCF1E0E25C000883ABF /* Models */,
				8C079DCE1E0E25B700883ABF /* Model Controller */,
				8C98C98F1E0FA5B20009D46C /* Other Controllers */,
				8C079DCD1E0E25AB00883ABF /* View Controllers */,
				8C079DD21E0E25E800883ABF /* Views */,
				8C079DB41E0E055400883ABF /* Assets.xcassets */,
				8C079DB61E0E055400883ABF /* LaunchScreen.storyboard */,
				8C079DB91E0E055400883ABF /* Info.plist */,
			);
			path = Timeline;
			sourceTree = "<group>";
		};
		8C079DCD1E0E25AB00883ABF /* View Controllers */ = {
			isa = PBXGroup;
			children = (
				8C079DBF1E0E05B000883ABF /* PostListTableViewController.swift */,
				8C079DC11E0E062600883ABF /* PostDetailTableViewController.swift */,
				8C079DC31E0E068D00883ABF /* AddPostTableViewController.swift */,
				8C079DC51E0E06D800883ABF /* SearchResultsTableViewController.swift */,
				8C98C9891E0F60DA0009D46C /* PhotoSelectViewController.swift */,
			);
			name = "View Controllers";
			sourceTree = "<group>";
		};
		8C079DCE1E0E25B700883ABF /* Model Controller */ = {
			isa = PBXGroup;
			children = (
				8C0362B61E1587A5003E3FBC /* PostController.swift */,
			);
			name = "Model Controller";
			sourceTree = "<group>";
		};
		8C079DCF1E0E25C000883ABF /* Models */ = {
			isa = PBXGroup;
			children = (
				8C079DC71E0E204E00883ABF /* Post.swift */,
				8C079DC91E0E207900883ABF /* Comment.swift */,
			);
			name = Models;
			sourceTree = "<group>";
		};
		8C079DD21E0E25E800883ABF /* Views */ = {
			isa = PBXGroup;
			children = (
				8C079DD01E0E25E400883ABF /* PostTableViewCell.swift */,
			);
			name = Views;
			sourceTree = "<group>";
		};
		8C87F1211E12E26A0035448C /* Frameworks */ = {
			isa = PBXGroup;
			children = (
				8C87F1221E12E26A0035448C /* CloudKit.framework */,
			);
			name = Frameworks;
			sourceTree = "<group>";
		};
		8C98C9881E0EFFDD0009D46C /* Protocols */ = {
			isa = PBXGroup;
			children = (
				8C98C9901E105AFD0009D46C /* CloudKitSyncable.swift */,
				8C98C9861E0EFFD80009D46C /* SearchableRecord.swift */,
			);
			name = Protocols;
			sourceTree = "<group>";
		};
		8C98C98F1E0FA5B20009D46C /* Other Controllers */ = {
			isa = PBXGroup;
			children = (
				8C98C98D1E0FA59A0009D46C /* CloudKitManager.swift */,
			);
			name = "Other Controllers";
			sourceTree = "<group>";
		};
/* End PBXGroup section */

/* Begin PBXNativeTarget section */
		8C079DA91E0E055300883ABF /* Timeline */ = {
			isa = PBXNativeTarget;
			buildConfigurationList = 8C079DBC1E0E055400883ABF /* Build configuration list for PBXNativeTarget "Timeline" */;
			buildPhases = (
				8C079DA61E0E055300883ABF /* Sources */,
				8C079DA71E0E055300883ABF /* Frameworks */,
				8C079DA81E0E055300883ABF /* Resources */,
			);
			buildRules = (
			);
			dependencies = (
			);
			name = Timeline;
			productName = Timeline;
			productReference = 8C079DAA1E0E055300883ABF /* Timeline.app */;
			productType = "com.apple.product-type.application";
		};
/* End PBXNativeTarget section */

/* Begin PBXProject section */
		8C079DA21E0E055300883ABF /* Project object */ = {
			isa = PBXProject;
			attributes = {
				LastSwiftUpdateCheck = 0810;
				LastUpgradeCheck = 0820;
				ORGANIZATIONNAME = "Skylar Hansen";
				TargetAttributes = {
					8C079DA91E0E055300883ABF = {
						CreatedOnToolsVersion = 8.1;
						DevelopmentTeam = V9YMV3Q9VL;
						ProvisioningStyle = Automatic;
						SystemCapabilities = {
							com.apple.Push = {
								enabled = 1;
							};
							com.apple.iCloud = {
								enabled = 1;
							};
						};
					};
				};
			};
			buildConfigurationList = 8C079DA51E0E055300883ABF /* Build configuration list for PBXProject "Timeline" */;
			compatibilityVersion = "Xcode 3.2";
			developmentRegion = English;
			hasScannedForEncodings = 0;
			knownRegions = (
				en,
				Base,
			);
			mainGroup = 8C079DA11E0E055300883ABF;
			productRefGroup = 8C079DAB1E0E055300883ABF /* Products */;
			projectDirPath = "";
			projectRoot = "";
			targets = (
				8C079DA91E0E055300883ABF /* Timeline */,
			);
		};
/* End PBXProject section */

/* Begin PBXResourcesBuildPhase section */
		8C079DA81E0E055300883ABF /* Resources */ = {
			isa = PBXResourcesBuildPhase;
			buildActionMask = 2147483647;
			files = (
				8C079DB81E0E055400883ABF /* LaunchScreen.storyboard in Resources */,
				8C079DB51E0E055400883ABF /* Assets.xcassets in Resources */,
				8C079DB31E0E055400883ABF /* Main.storyboard in Resources */,
			);
			runOnlyForDeploymentPostprocessing = 0;
		};
/* End PBXResourcesBuildPhase section */

/* Begin PBXSourcesBuildPhase section */
		8C079DA61E0E055300883ABF /* Sources */ = {
			isa = PBXSourcesBuildPhase;
			buildActionMask = 2147483647;
			files = (
				8C98C9871E0EFFD80009D46C /* SearchableRecord.swift in Sources */,
				8C079DAE1E0E055300883ABF /* AppDelegate.swift in Sources */,
				8C079DC01E0E05B000883ABF /* PostListTableViewController.swift in Sources */,
				8C98C9911E105AFD0009D46C /* CloudKitSyncable.swift in Sources */,
				8C079DC61E0E06D800883ABF /* SearchResultsTableViewController.swift in Sources */,
				8C079DCA1E0E207900883ABF /* Comment.swift in Sources */,
				8C98C98A1E0F60DA0009D46C /* PhotoSelectViewController.swift in Sources */,
				8C079DC81E0E204E00883ABF /* Post.swift in Sources */,
				8C079DC41E0E068D00883ABF /* AddPostTableViewController.swift in Sources */,
				8C0362B71E1587A5003E3FBC /* PostController.swift in Sources */,
				8C079DC21E0E062600883ABF /* PostDetailTableViewController.swift in Sources */,
				8C079DD11E0E25E400883ABF /* PostTableViewCell.swift in Sources */,
				8C98C98E1E0FA59A0009D46C /* CloudKitManager.swift in Sources */,
			);
			runOnlyForDeploymentPostprocessing = 0;
		};
/* End PBXSourcesBuildPhase section */

/* Begin PBXVariantGroup section */
		8C079DB11E0E055400883ABF /* Main.storyboard */ = {
			isa = PBXVariantGroup;
			children = (
				8C079DB21E0E055400883ABF /* Base */,
			);
			name = Main.storyboard;
			sourceTree = "<group>";
		};
		8C079DB61E0E055400883ABF /* LaunchScreen.storyboard */ = {
			isa = PBXVariantGroup;
			children = (
				8C079DB71E0E055400883ABF /* Base */,
			);
			name = LaunchScreen.storyboard;
			sourceTree = "<group>";
		};
/* End PBXVariantGroup section */

/* Begin XCBuildConfiguration section */
		8C079DBA1E0E055400883ABF /* Debug */ = {
			isa = XCBuildConfiguration;
			buildSettings = {
				ALWAYS_SEARCH_USER_PATHS = NO;
				CLANG_ANALYZER_NONNULL = YES;
				CLANG_CXX_LANGUAGE_STANDARD = "gnu++0x";
				CLANG_CXX_LIBRARY = "libc++";
				CLANG_ENABLE_MODULES = YES;
				CLANG_ENABLE_OBJC_ARC = YES;
				CLANG_WARN_BOOL_CONVERSION = YES;
				CLANG_WARN_CONSTANT_CONVERSION = YES;
				CLANG_WARN_DIRECT_OBJC_ISA_USAGE = YES_ERROR;
				CLANG_WARN_DOCUMENTATION_COMMENTS = YES;
				CLANG_WARN_EMPTY_BODY = YES;
				CLANG_WARN_ENUM_CONVERSION = YES;
				CLANG_WARN_INFINITE_RECURSION = YES;
				CLANG_WARN_INT_CONVERSION = YES;
				CLANG_WARN_OBJC_ROOT_CLASS = YES_ERROR;
				CLANG_WARN_SUSPICIOUS_MOVE = YES;
				CLANG_WARN_SUSPICIOUS_MOVES = YES;
				CLANG_WARN_UNREACHABLE_CODE = YES;
				CLANG_WARN__DUPLICATE_METHOD_MATCH = YES;
				"CODE_SIGN_IDENTITY[sdk=iphoneos*]" = "iPhone Developer";
				COPY_PHASE_STRIP = NO;
				DEBUG_INFORMATION_FORMAT = dwarf;
				ENABLE_STRICT_OBJC_MSGSEND = YES;
				ENABLE_TESTABILITY = YES;
				GCC_C_LANGUAGE_STANDARD = gnu99;
				GCC_DYNAMIC_NO_PIC = NO;
				GCC_NO_COMMON_BLOCKS = YES;
				GCC_OPTIMIZATION_LEVEL = 0;
				GCC_PREPROCESSOR_DEFINITIONS = (
					"DEBUG=1",
					"$(inherited)",
				);
				GCC_WARN_64_TO_32_BIT_CONVERSION = YES;
				GCC_WARN_ABOUT_RETURN_TYPE = YES_ERROR;
				GCC_WARN_UNDECLARED_SELECTOR = YES;
				GCC_WARN_UNINITIALIZED_AUTOS = YES_AGGRESSIVE;
				GCC_WARN_UNUSED_FUNCTION = YES;
				GCC_WARN_UNUSED_VARIABLE = YES;
				IPHONEOS_DEPLOYMENT_TARGET = 10.1;
				MTL_ENABLE_DEBUG_INFO = YES;
				ONLY_ACTIVE_ARCH = YES;
				SDKROOT = iphoneos;
				SWIFT_ACTIVE_COMPILATION_CONDITIONS = DEBUG;
				SWIFT_OPTIMIZATION_LEVEL = "-Onone";
				TARGETED_DEVICE_FAMILY = "1,2";
			};
			name = Debug;
		};
		8C079DBB1E0E055400883ABF /* Release */ = {
			isa = XCBuildConfiguration;
			buildSettings = {
				ALWAYS_SEARCH_USER_PATHS = NO;
				CLANG_ANALYZER_NONNULL = YES;
				CLANG_CXX_LANGUAGE_STANDARD = "gnu++0x";
				CLANG_CXX_LIBRARY = "libc++";
				CLANG_ENABLE_MODULES = YES;
				CLANG_ENABLE_OBJC_ARC = YES;
				CLANG_WARN_BOOL_CONVERSION = YES;
				CLANG_WARN_CONSTANT_CONVERSION = YES;
				CLANG_WARN_DIRECT_OBJC_ISA_USAGE = YES_ERROR;
				CLANG_WARN_DOCUMENTATION_COMMENTS = YES;
				CLANG_WARN_EMPTY_BODY = YES;
				CLANG_WARN_ENUM_CONVERSION = YES;
				CLANG_WARN_INFINITE_RECURSION = YES;
				CLANG_WARN_INT_CONVERSION = YES;
				CLANG_WARN_OBJC_ROOT_CLASS = YES_ERROR;
				CLANG_WARN_SUSPICIOUS_MOVE = YES;
				CLANG_WARN_SUSPICIOUS_MOVES = YES;
				CLANG_WARN_UNREACHABLE_CODE = YES;
				CLANG_WARN__DUPLICATE_METHOD_MATCH = YES;
				"CODE_SIGN_IDENTITY[sdk=iphoneos*]" = "iPhone Developer";
				COPY_PHASE_STRIP = NO;
				DEBUG_INFORMATION_FORMAT = "dwarf-with-dsym";
				ENABLE_NS_ASSERTIONS = NO;
				ENABLE_STRICT_OBJC_MSGSEND = YES;
				GCC_C_LANGUAGE_STANDARD = gnu99;
				GCC_NO_COMMON_BLOCKS = YES;
				GCC_WARN_64_TO_32_BIT_CONVERSION = YES;
				GCC_WARN_ABOUT_RETURN_TYPE = YES_ERROR;
				GCC_WARN_UNDECLARED_SELECTOR = YES;
				GCC_WARN_UNINITIALIZED_AUTOS = YES_AGGRESSIVE;
				GCC_WARN_UNUSED_FUNCTION = YES;
				GCC_WARN_UNUSED_VARIABLE = YES;
				IPHONEOS_DEPLOYMENT_TARGET = 10.1;
				MTL_ENABLE_DEBUG_INFO = NO;
				SDKROOT = iphoneos;
				SWIFT_OPTIMIZATION_LEVEL = "-Owholemodule";
				TARGETED_DEVICE_FAMILY = "1,2";
				VALIDATE_PRODUCT = YES;
			};
			name = Release;
		};
		8C079DBD1E0E055400883ABF /* Debug */ = {
			isa = XCBuildConfiguration;
			buildSettings = {
				ASSETCATALOG_COMPILER_APPICON_NAME = AppIcon;
				CODE_SIGN_ENTITLEMENTS = Timeline/Timeline.entitlements;
				DEVELOPMENT_TEAM = V9YMV3Q9VL;
				INFOPLIST_FILE = Timeline/Info.plist;
				LD_RUNPATH_SEARCH_PATHS = "$(inherited) @executable_path/Frameworks";
				PRODUCT_BUNDLE_IDENTIFIER = com.skylarhansen.Timeline;
				PRODUCT_NAME = "$(TARGET_NAME)";
				SWIFT_VERSION = 3.0;
			};
			name = Debug;
		};
		8C079DBE1E0E055400883ABF /* Release */ = {
			isa = XCBuildConfiguration;
			buildSettings = {
				ASSETCATALOG_COMPILER_APPICON_NAME = AppIcon;
				CODE_SIGN_ENTITLEMENTS = Timeline/Timeline.entitlements;
				DEVELOPMENT_TEAM = V9YMV3Q9VL;
				INFOPLIST_FILE = Timeline/Info.plist;
				LD_RUNPATH_SEARCH_PATHS = "$(inherited) @executable_path/Frameworks";
				PRODUCT_BUNDLE_IDENTIFIER = com.skylarhansen.Timeline;
				PRODUCT_NAME = "$(TARGET_NAME)";
				SWIFT_VERSION = 3.0;
			};
			name = Release;
		};
/* End XCBuildConfiguration section */

/* Begin XCConfigurationList section */
		8C079DA51E0E055300883ABF /* Build configuration list for PBXProject "Timeline" */ = {
			isa = XCConfigurationList;
			buildConfigurations = (
				8C079DBA1E0E055400883ABF /* Debug */,
				8C079DBB1E0E055400883ABF /* Release */,
			);
			defaultConfigurationIsVisible = 0;
			defaultConfigurationName = Release;
		};
		8C079DBC1E0E055400883ABF /* Build configuration list for PBXNativeTarget "Timeline" */ = {
			isa = XCConfigurationList;
			buildConfigurations = (
				8C079DBD1E0E055400883ABF /* Debug */,
				8C079DBE1E0E055400883ABF /* Release */,
			);
			defaultConfigurationIsVisible = 0;
			defaultConfigurationName = Release;
		};
/* End XCConfigurationList section */
	};
	rootObject = 8C079DA21E0E055300883ABF /* Project object */;
}
